{
  "lockfileVersion": 1,
  "configVersion": 1,
  "workspaces": {
    "": {
      "dependencies": {
        "motion": "^12.35.1",
      },
    },
  },
  "packages": {
    "framer-motion": ["framer-motion@12.35.1", "", { "dependencies": { "motion-dom": "^12.35.1", "motion-utils": "^12.29.2", "tslib": "^2.4.0" }, "peerDependencies": { "@emotion/is-prop-valid": "*", "react": "^18.0.0 || ^19.0.0", "react-dom": "^18.0.0 || ^19.0.0" }, "optionalPeers": ["@emotion/is-prop-valid", "react", "react-dom"] }, "sha512-rL8cLrjYZNShZqKV3U0Qj6Y5WDiZXYEM5giiTLfEqsIZxtspzMDCkKmrO5po76jWfvOg04+Vk+sfBvTD0iMmLw=="],

    "motion": ["motion@12.35.1", "", { "dependencies": { "framer-motion": "^12.35.1", "tslib": "^2.4.0" }, "peerDependencies": { "@emotion/is-prop-valid": "*", "react": "^18.0.0 || ^19.0.0", "react-dom": "^18.0.0 || ^19.0.0" }, "optionalPeers": ["@emotion/is-prop-valid", "react", "react-dom"] }, "sha512-yEt/49kWC0VU/IEduDfeZw82eDemlPwa1cyo/gcEEUCN4WgpSJpUcxz6BUwakGabvJiTzLQ58J73515I5tfykQ=="],

    "motion-dom": ["motion-dom@12.35.1", "", { "dependencies": { "motion-utils": "^12.29.2" } }, "sha512-7n6r7TtNOsH2UFSAXzTkfzOeO5616v9B178qBIjmu/WgEyJK0uqwytCEhwKBTuM/HJA40ptAw7hLFpxtPAMRZQ=="],

    "motion-utils": ["motion-utils@12.29.2", "", {}, "sha512-G3kc34H2cX2gI63RqU+cZq+zWRRPSsNIOjpdl9TN4AQwC4sgwYPl/Q/Obf/d53nOm569T0fYK+tcoSV50BWx8A=="],

    "tslib": ["tslib@2.8.1", "", {}, "sha512-oJFu94HQb+KVduSUQL7wnpmqnfmLsOA/nAh6b6EH0wCEoK0/mPeXU6c3wKDV83MkOuHPRHtSXKKU99IBazS/2w=="],
  }
}
